
Microsoft Visual Studio Solution File, Format Version 12.00
# Visual Studio Version 17
VisualStudioVersion = 17.14.36429.23 d17.14
MinimumVisualStudioVersion = 10.0.40219.1
Project("{FAE04EC0-301F-11D3-BF4B-00C04F79EFBC}") = "ContractMonthlyClaimSystem2", "ContractMonthlyClaimSystem2\ContractMonthlyClaimSystem2.csproj", "{D8DBFCEC-17DD-403C-AF49-861F6A245853}"
EndProject
Global
	GlobalSection(SolutionConfigurationPlatforms) = preSolution
		Debug|Any CPU = Debug|Any CPU
		Release|Any CPU = Release|Any CPU
	EndGlobalSection
	GlobalSection(ProjectConfigurationPlatforms) = postSolution
		{D8DBFCEC-17DD-403C-AF49-861F6A245853}.Debug|Any CPU.ActiveCfg = Debug|Any CPU
		{D8DBFCEC-17DD-403C-AF49-861F6A245853}.Debug|Any CPU.Build.0 = Debug|Any CPU
		{D8DBFCEC-17DD-403C-AF49-861F6A245853}.Release|Any CPU.ActiveCfg = Release|Any CPU
		{D8DBFCEC-17DD-403C-AF49-861F6A245853}.Release|Any CPU.Build.0 = Release|Any CPU
	EndGlobalSection
	GlobalSection(SolutionProperties) = preSolution
		HideSolutionNode = FALSE
	EndGlobalSection
	GlobalSection(ExtensibilityGlobals) = postSolution
		SolutionGuid = {B378F77C-E25E-4003-BA13-81A6F68DA3D9}
	EndGlobalSection
EndGlobal
